// !$*UTF8*$!
{
	archiveVersion = 1;
	classes = {
	};
	objectVersion = 55;
	objects = {

/* Begin PBXBuildFile section */
		510644D82836DF370086210E /* AppDelegate.swift in Sources */ = {isa = PBXBuildFile; fileRef = 510644D72836DF370086210E /* AppDelegate.swift */; };
		510644DA2836DF370086210E /* SceneDelegate.swift in Sources */ = {isa = PBXBuildFile; fileRef = 510644D92836DF370086210E /* SceneDelegate.swift */; };
		510644DC2836DF370086210E /* PhotoViewController.swift in Sources */ = {isa = PBXBuildFile; fileRef = 510644DB2836DF370086210E /* PhotoViewController.swift */; };
		510644E12836DF3A0086210E /* Assets.xcassets in Resources */ = {isa = PBXBuildFile; fileRef = 510644E02836DF3A0086210E /* Assets.xcassets */; };
		510644E42836DF3A0086210E /* LaunchScreen.storyboard in Resources */ = {isa = PBXBuildFile; fileRef = 510644E22836DF3A0086210E /* LaunchScreen.storyboard */; };
		51B9E7A2283829B4007B9D76 /* FlieManagerService.swift in Sources */ = {isa = PBXBuildFile; fileRef = 51B9E7A1283829B4007B9D76 /* FlieManagerService.swift */; };
		51B9E7A42838315E007B9D76 /* PhotoPresenter.swift in Sources */ = {isa = PBXBuildFile; fileRef = 51B9E7A32838315E007B9D76 /* PhotoPresenter.swift */; };
		51B9E7A62838424D007B9D76 /* PhotoMainModuleAssembly.swift in Sources */ = {isa = PBXBuildFile; fileRef = 51B9E7A52838424D007B9D76 /* PhotoMainModuleAssembly.swift */; };
		51B9E7A928384289007B9D76 /* ModuleAssembly.swift in Sources */ = {isa = PBXBuildFile; fileRef = 51B9E7A828384289007B9D76 /* ModuleAssembly.swift */; };
		51B9E7AB2838464D007B9D76 /* PhotoCollectionViewCell.swift in Sources */ = {isa = PBXBuildFile; fileRef = 51B9E7AA2838464D007B9D76 /* PhotoCollectionViewCell.swift */; };
/* End PBXBuildFile section */

/* Begin PBXFileReference section */
		510644D42836DF370086210E /* PhotoManager.app */ = {isa = PBXFileReference; explicitFileType = wrapper.application; includeInIndex = 0; path = PhotoManager.app; sourceTree = BUILT_PRODUCTS_DIR; };
		510644D72836DF370086210E /* AppDelegate.swift */ = {isa = PBXFileReference; lastKnownFileType = sourcecode.swift; path = AppDelegate.swift; sourceTree = "<group>"; };
		510644D92836DF370086210E /* SceneDelegate.swift */ = {isa = PBXFileReference; lastKnownFileType = sourcecode.swift; path = SceneDelegate.swift; sourceTree = "<group>"; };
		510644DB2836DF370086210E /* PhotoViewController.swift */ = {isa = PBXFileReference; lastKnownFileType = sourcecode.swift; path = PhotoViewController.swift; sourceTree = "<group>"; };
		510644E02836DF3A0086210E /* Assets.xcassets */ = {isa = PBXFileReference; lastKnownFileType = folder.assetcatalog; path = Assets.xcassets; sourceTree = "<group>"; };
		510644E32836DF3A0086210E /* Base */ = {isa = PBXFileReference; lastKnownFileType = file.storyboard; name = Base; path = Base.lproj/LaunchScreen.storyboard; sourceTree = "<group>"; };
		510644E52836DF3A0086210E /* Info.plist */ = {isa = PBXFileReference; lastKnownFileType = text.plist.xml; path = Info.plist; sourceTree = "<group>"; };
		51B9E7A1283829B4007B9D76 /* FlieManagerService.swift */ = {isa = PBXFileReference; lastKnownFileType = sourcecode.swift; path = FlieManagerService.swift; sourceTree = "<group>"; };
		51B9E7A32838315E007B9D76 /* PhotoPresenter.swift */ = {isa = PBXFileReference; lastKnownFileType = sourcecode.swift; path = PhotoPresenter.swift; sourceTree = "<group>"; };
		51B9E7A52838424D007B9D76 /* PhotoMainModuleAssembly.swift */ = {isa = PBXFileReference; lastKnownFileType = sourcecode.swift; path = PhotoMainModuleAssembly.swift; sourceTree = "<group>"; };
		51B9E7A828384289007B9D76 /* ModuleAssembly.swift */ = {isa = PBXFileReference; lastKnownFileType = sourcecode.swift; path = ModuleAssembly.swift; sourceTree = "<group>"; };
		51B9E7AA2838464D007B9D76 /* PhotoCollectionViewCell.swift */ = {isa = PBXFileReference; lastKnownFileType = sourcecode.swift; path = PhotoCollectionViewCell.swift; sourceTree = "<group>"; };
/* End PBXFileReference section */

/* Begin PBXFrameworksBuildPhase section */
		510644D12836DF370086210E /* Frameworks */ = {
			isa = PBXFrameworksBuildPhase;
			buildActionMask = 2147483647;
			files = (
			);
			runOnlyForDeploymentPostprocessing = 0;
		};
/* End PBXFrameworksBuildPhase section */

/* Begin PBXGroup section */
		510644CB2836DF370086210E = {
			isa = PBXGroup;
			children = (
				510644D62836DF370086210E /* PhotoManager */,
				510644D52836DF370086210E /* Products */,
			);
			sourceTree = "<group>";
		};
		510644D52836DF370086210E /* Products */ = {
			isa = PBXGroup;
			children = (
				510644D42836DF370086210E /* PhotoManager.app */,
			);
			name = Products;
			sourceTree = "<group>";
		};
		510644D62836DF370086210E /* PhotoManager */ = {
			isa = PBXGroup;
			children = (
				51B9E7A728384264007B9D76 /* ModuleAssembly */,
				510644EB2836E2840086210E /* PhotoMainModule */,
				510644D72836DF370086210E /* AppDelegate.swift */,
				510644D92836DF370086210E /* SceneDelegate.swift */,
				510644E02836DF3A0086210E /* Assets.xcassets */,
				510644E22836DF3A0086210E /* LaunchScreen.storyboard */,
				510644E52836DF3A0086210E /* Info.plist */,
			);
			path = PhotoManager;
			sourceTree = "<group>";
		};
		510644EB2836E2840086210E /* PhotoMainModule */ = {
			isa = PBXGroup;
			children = (
				51B9E7A0283829A3007B9D76 /* Services */,
				510644EC2836E29D0086210E /* Model */,
				510644ED2836E2A20086210E /* View */,
				510644EE2836E2A70086210E /* Presenter */,
			);
			path = PhotoMainModule;
			sourceTree = "<group>";
		};
		510644EC2836E29D0086210E /* Model */ = {
			isa = PBXGroup;
			children = (
			);
			path = Model;
			sourceTree = "<group>";
		};
		510644ED2836E2A20086210E /* View */ = {
			isa = PBXGroup;
			children = (
				510644DB2836DF370086210E /* PhotoViewController.swift */,
				51B9E7AA2838464D007B9D76 /* PhotoCollectionViewCell.swift */,
			);
			path = View;
			sourceTree = "<group>";
		};
		510644EE2836E2A70086210E /* Presenter */ = {
			isa = PBXGroup;
			children = (
				51B9E7A32838315E007B9D76 /* PhotoPresenter.swift */,
			);
			path = Presenter;
			sourceTree = "<group>";
		};
		51B9E7A0283829A3007B9D76 /* Services */ = {
			isa = PBXGroup;
			children = (
				51B9E7A1283829B4007B9D76 /* FlieManagerService.swift */,
			);
			path = Services;
			sourceTree = "<group>";
		};
		51B9E7A728384264007B9D76 /* ModuleAssembly */ = {
			isa = PBXGroup;
			children = (
				51B9E7A52838424D007B9D76 /* PhotoMainModuleAssembly.swift */,
				51B9E7A828384289007B9D76 /* ModuleAssembly.swift */,
			);
			path = ModuleAssembly;
			sourceTree = "<group>";
		};
/* End PBXGroup section */

/* Begin PBXNativeTarget section */
		510644D32836DF370086210E /* PhotoManager */ = {
			isa = PBXNativeTarget;
			buildConfigurationList = 510644E82836DF3A0086210E /* Build configuration list for PBXNativeTarget "PhotoManager" */;
			buildPhases = (
				510644D02836DF370086210E /* Sources */,
				510644D12836DF370086210E /* Frameworks */,
				510644D22836DF370086210E /* Resources */,
			);
			buildRules = (
			);
			dependencies = (
			);
			name = PhotoManager;
			productName = PhotoManager;
			productReference = 510644D42836DF370086210E /* PhotoManager.app */;
			productType = "com.apple.product-type.application";
		};
/* End PBXNativeTarget section */

/* Begin PBXProject section */
		510644CC2836DF370086210E /* Project object */ = {
			isa = PBXProject;
			attributes = {
				BuildIndependentTargetsInParallel = 1;
				LastSwiftUpdateCheck = 1330;
				LastUpgradeCheck = 1330;
				TargetAttributes = {
					510644D32836DF370086210E = {
						CreatedOnToolsVersion = 13.3.1;
					};
				};
			};
			buildConfigurationList = 510644CF2836DF370086210E /* Build configuration list for PBXProject "PhotoManager" */;
			compatibilityVersion = "Xcode 13.0";
			developmentRegion = en;
			hasScannedForEncodings = 0;
			knownRegions = (
				en,
				Base,
			);
			mainGroup = 510644CB2836DF370086210E;
			productRefGroup = 510644D52836DF370086210E /* Products */;
			projectDirPath = "";
			projectRoot = "";
			targets = (
				510644D32836DF370086210E /* PhotoManager */,
			);
		};
/* End PBXProject section */

/* Begin PBXResourcesBuildPhase section */
		510644D22836DF370086210E /* Resources */ = {
			isa = PBXResourcesBuildPhase;
			buildActionMask = 2147483647;
			files = (
				510644E42836DF3A0086210E /* LaunchScreen.storyboard in Resources */,
				510644E12836DF3A0086210E /* Assets.xcassets in Resources */,
			);
			runOnlyForDeploymentPostprocessing = 0;
		};
/* End PBXResourcesBuildPhase section */

/* Begin PBXSourcesBuildPhase section */
		510644D02836DF370086210E /* Sources */ = {
			isa = PBXSourcesBuildPhase;
			buildActionMask = 2147483647;
			files = (
				51B9E7A928384289007B9D76 /* ModuleAssembly.swift in Sources */,
				51B9E7AB2838464D007B9D76 /* PhotoCollectionViewCell.swift in Sources */,
				51B9E7A42838315E007B9D76 /* PhotoPresenter.swift in Sources */,
				510644DC2836DF370086210E /* PhotoViewController.swift in Sources */,
				510644D82836DF370086210E /* AppDelegate.swift in Sources */,
				510644DA2836DF370086210E /* SceneDelegate.swift in Sources */,
				51B9E7A2283829B4007B9D76 /* FlieManagerService.swift in Sources */,
				51B9E7A62838424D007B9D76 /* PhotoMainModuleAssembly.swift in Sources */,
			);
			runOnlyForDeploymentPostprocessing = 0;
		};
/* End PBXSourcesBuildPhase section */

/* Begin PBXVariantGroup section */
		510644E22836DF3A0086210E /* LaunchScreen.storyboard */ = {
			isa = PBXVariantGroup;
			children = (
				510644E32836DF3A0086210E /* Base */,
			);
			name = LaunchScreen.storyboard;
			sourceTree = "<group>";
		};
/* End PBXVariantGroup section */

/* Begin XCBuildConfiguration section */
		510644E62836DF3A0086210E /* Debug */ = {
			isa = XCBuildConfiguration;
			buildSettings = {
				ALWAYS_SEARCH_USER_PATHS = NO;
				CLANG_ANALYZER_NONNULL = YES;
				CLANG_ANALYZER_NUMBER_OBJECT_CONVERSION = YES_AGGRESSIVE;
				CLANG_CXX_LANGUAGE_STANDARD = "gnu++17";
				CLANG_ENABLE_MODULES = YES;
				CLANG_ENABLE_OBJC_ARC = YES;
				CLANG_ENABLE_OBJC_WEAK = YES;
				CLANG_WARN_BLOCK_CAPTURE_AUTORELEASING = YES;
				CLANG_WARN_BOOL_CONVERSION = YES;
				CLANG_WARN_COMMA = YES;
				CLANG_WARN_CONSTANT_CONVERSION = YES;
				CLANG_WARN_DEPRECATED_OBJC_IMPLEMENTATIONS = YES;
				CLANG_WARN_DIRECT_OBJC_ISA_USAGE = YES_ERROR;
				CLANG_WARN_DOCUMENTATION_COMMENTS = YES;
				CLANG_WARN_EMPTY_BODY = YES;
				CLANG_WARN_ENUM_CONVERSION = YES;
				CLANG_WARN_INFINITE_RECURSION = YES;
				CLANG_WARN_INT_CONVERSION = YES;
				CLANG_WARN_NON_LITERAL_NULL_CONVERSION = YES;
				CLANG_WARN_OBJC_IMPLICIT_RETAIN_SELF = YES;
				CLANG_WARN_OBJC_LITERAL_CONVERSION = YES;
				CLANG_WARN_OBJC_ROOT_CLASS = YES_ERROR;
				CLANG_WARN_QUOTED_INCLUDE_IN_FRAMEWORK_HEADER = YES;
				CLANG_WARN_RANGE_LOOP_ANALYSIS = YES;
				CLANG_WARN_STRICT_PROTOTYPES = YES;
				CLANG_WARN_SUSPICIOUS_MOVE = YES;
				CLANG_WARN_UNGUARDED_AVAILABILITY = YES_AGGRESSIVE;
				CLANG_WARN_UNREACHABLE_CODE = YES;
				CLANG_WARN__DUPLICATE_METHOD_MATCH = YES;
				COPY_PHASE_STRIP = NO;
				DEBUG_INFORMATION_FORMAT = dwarf;
				ENABLE_STRICT_OBJC_MSGSEND = YES;
				ENABLE_TESTABILITY = YES;
				GCC_C_LANGUAGE_STANDARD = gnu11;
				GCC_DYNAMIC_NO_PIC = NO;
				GCC_NO_COMMON_BLOCKS = YES;
				GCC_OPTIMIZATION_LEVEL = 0;
				GCC_PREPROCESSOR_DEFINITIONS = (
					"DEBUG=1",
					"$(inherited)",
				);
				GCC_WARN_64_TO_32_BIT_CONVERSION = YES;
				GCC_WARN_ABOUT_RETURN_TYPE = YES_ERROR;
				GCC_WARN_UNDECLARED_SELECTOR = YES;
				GCC_WARN_UNINITIALIZED_AUTOS = YES_AGGRESSIVE;
				GCC_WARN_UNUSED_FUNCTION = YES;
				GCC_WARN_UNUSED_VARIABLE = YES;
				IPHONEOS_DEPLOYMENT_TARGET = 15.4;
				MTL_ENABLE_DEBUG_INFO = INCLUDE_SOURCE;
				MTL_FAST_MATH = YES;
				ONLY_ACTIVE_ARCH = YES;
				SDKROOT = iphoneos;
				SWIFT_ACTIVE_COMPILATION_CONDITIONS = DEBUG;
				SWIFT_OPTIMIZATION_LEVEL = "-Onone";
			};
			name = Debug;
		};
		510644E72836DF3A0086210E /* Release */ = {
			isa = XCBuildConfiguration;
			buildSettings = {
				ALWAYS_SEARCH_USER_PATHS = NO;
				CLANG_ANALYZER_NONNULL = YES;
				CLANG_ANALYZER_NUMBER_OBJECT_CONVERSION = YES_AGGRESSIVE;
				CLANG_CXX_LANGUAGE_STANDARD = "gnu++17";
				CLANG_ENABLE_MODULES = YES;
				CLANG_ENABLE_OBJC_ARC = YES;
				CLANG_ENABLE_OBJC_WEAK = YES;
				CLANG_WARN_BLOCK_CAPTURE_AUTORELEASING = YES;
				CLANG_WARN_BOOL_CONVERSION = YES;
				CLANG_WARN_COMMA = YES;
				CLANG_WARN_CONSTANT_CONVERSION = YES;
				CLANG_WARN_DEPRECATED_OBJC_IMPLEMENTATIONS = YES;
				CLANG_WARN_DIRECT_OBJC_ISA_USAGE = YES_ERROR;
				CLANG_WARN_DOCUMENTATION_COMMENTS = YES;
				CLANG_WARN_EMPTY_BODY = YES;
				CLANG_WARN_ENUM_CONVERSION = YES;
				CLANG_WARN_INFINITE_RECURSION = YES;
				CLANG_WARN_INT_CONVERSION = YES;
				CLANG_WARN_NON_LITERAL_NULL_CONVERSION = YES;
				CLANG_WARN_OBJC_IMPLICIT_RETAIN_SELF = YES;
				CLANG_WARN_OBJC_LITERAL_CONVERSION = YES;
				CLANG_WARN_OBJC_ROOT_CLASS = YES_ERROR;
				CLANG_WARN_QUOTED_INCLUDE_IN_FRAMEWORK_HEADER = YES;
				CLANG_WARN_RANGE_LOOP_ANALYSIS = YES;
				CLANG_WARN_STRICT_PROTOTYPES = YES;
				CLANG_WARN_SUSPICIOUS_MOVE = YES;
				CLANG_WARN_UNGUARDED_AVAILABILITY = YES_AGGRESSIVE;
				CLANG_WARN_UNREACHABLE_CODE = YES;
				CLANG_WARN__DUPLICATE_METHOD_MATCH = YES;
				COPY_PHASE_STRIP = NO;
				DEBUG_INFORMATION_FORMAT = "dwarf-with-dsym";
				ENABLE_NS_ASSERTIONS = NO;
				ENABLE_STRICT_OBJC_MSGSEND = YES;
				GCC_C_LANGUAGE_STANDARD = gnu11;
				GCC_NO_COMMON_BLOCKS = YES;
				GCC_WARN_64_TO_32_BIT_CONVERSION = YES;
				GCC_WARN_ABOUT_RETURN_TYPE = YES_ERROR;
				GCC_WARN_UNDECLARED_SELECTOR = YES;
				GCC_WARN_UNINITIALIZED_AUTOS = YES_AGGRESSIVE;
				GCC_WARN_UNUSED_FUNCTION = YES;
				GCC_WARN_UNUSED_VARIABLE = YES;
				IPHONEOS_DEPLOYMENT_TARGET = 15.4;
				MTL_ENABLE_DEBUG_INFO = NO;
				MTL_FAST_MATH = YES;
				SDKROOT = iphoneos;
				SWIFT_COMPILATION_MODE = wholemodule;
				SWIFT_OPTIMIZATION_LEVEL = "-O";
				VALIDATE_PRODUCT = YES;
			};
			name = Release;
		};
		510644E92836DF3A0086210E /* Debug */ = {
			isa = XCBuildConfiguration;
			buildSettings = {
				ASSETCATALOG_COMPILER_APPICON_NAME = AppIcon;
				ASSETCATALOG_COMPILER_GLOBAL_ACCENT_COLOR_NAME = AccentColor;
				CODE_SIGN_STYLE = Automatic;
				CURRENT_PROJECT_VERSION = 1;
				DEVELOPMENT_TEAM = F26DHS538R;
				GENERATE_INFOPLIST_FILE = YES;
				INFOPLIST_FILE = PhotoManager/Info.plist;
				INFOPLIST_KEY_UIApplicationSupportsIndirectInputEvents = YES;
				INFOPLIST_KEY_UILaunchStoryboardName = LaunchScreen;
				INFOPLIST_KEY_UISupportedInterfaceOrientations_iPad = "UIInterfaceOrientationPortrait UIInterfaceOrientationPortraitUpsideDown UIInterfaceOrientationLandscapeLeft UIInterfaceOrientationLandscapeRight";
				INFOPLIST_KEY_UISupportedInterfaceOrientations_iPhone = "UIInterfaceOrientationPortrait UIInterfaceOrientationLandscapeLeft UIInterfaceOrientationLandscapeRight";
				INFOPLIST_KEY_UISupportsDocumentBrowser = YES;
				IPHONEOS_DEPLOYMENT_TARGET = 14.0;
				LD_RUNPATH_SEARCH_PATHS = (
					"$(inherited)",
					"@executable_path/Frameworks",
				);
				MARKETING_VERSION = 1.0;
				PRODUCT_BUNDLE_IDENTIFIER = com.MichaelK.PhotoManager;
				PRODUCT_NAME = "$(TARGET_NAME)";
				SWIFT_EMIT_LOC_STRINGS = YES;
				SWIFT_VERSION = 5.0;
				TARGETED_DEVICE_FAMILY = "1,2";
			};
			name = Debug;
		};
		510644EA2836DF3A0086210E /* Release */ = {
			isa = XCBuildConfiguration;
			buildSettings = {
				ASSETCATALOG_COMPILER_APPICON_NAME = AppIcon;
				ASSETCATALOG_COMPILER_GLOBAL_ACCENT_COLOR_NAME = AccentColor;
				CODE_SIGN_STYLE = Automatic;
				CURRENT_PROJECT_VERSION = 1;
				DEVELOPMENT_TEAM = F26DHS538R;
				GENERATE_INFOPLIST_FILE = YES;
				INFOPLIST_FILE = PhotoManager/Info.plist;
				INFOPLIST_KEY_UIApplicationSupportsIndirectInputEvents = YES;
				INFOPLIST_KEY_UILaunchStoryboardName = LaunchScreen;
				INFOPLIST_KEY_UISupportedInterfaceOrientations_iPad = "UIInterfaceOrientationPortrait UIInterfaceOrientationPortraitUpsideDown UIInterfaceOrientationLandscapeLeft UIInterfaceOrientationLandscapeRight";
				INFOPLIST_KEY_UISupportedInterfaceOrientations_iPhone = "UIInterfaceOrientationPortrait UIInterfaceOrientationLandscapeLeft UIInterfaceOrientationLandscapeRight";
				INFOPLIST_KEY_UISupportsDocumentBrowser = YES;
				IPHONEOS_DEPLOYMENT_TARGET = 14.0;
				LD_RUNPATH_SEARCH_PATHS = (
					"$(inherited)",
					"@executable_path/Frameworks",
				);
				MARKETING_VERSION = 1.0;
				PRODUCT_BUNDLE_IDENTIFIER = com.MichaelK.PhotoManager;
				PRODUCT_NAME = "$(TARGET_NAME)";
				SWIFT_EMIT_LOC_STRINGS = YES;
				SWIFT_VERSION = 5.0;
				TARGETED_DEVICE_FAMILY = "1,2";
			};
			name = Release;
		};
/* End XCBuildConfiguration section */

/* Begin XCConfigurationList section */
		510644CF2836DF370086210E /* Build configuration list for PBXProject "PhotoManager" */ = {
			isa = XCConfigurationList;
			buildConfigurations = (
				510644E62836DF3A0086210E /* Debug */,
				510644E72836DF3A0086210E /* Release */,
			);
			defaultConfigurationIsVisible = 0;
			defaultConfigurationName = Release;
		};
		510644E82836DF3A0086210E /* Build configuration list for PBXNativeTarget "PhotoManager" */ = {
			isa = XCConfigurationList;
			buildConfigurations = (
				510644E92836DF3A0086210E /* Debug */,
				510644EA2836DF3A0086210E /* Release */,
			);
			defaultConfigurationIsVisible = 0;
			defaultConfigurationName = Release;
		};
/* End XCConfigurationList section */
	};
	rootObject = 510644CC2836DF370086210E /* Project object */;
}
